{
  "name": "@ucd-lib/brand-theme-editor",
  "version": "1.0.0",
  "lockfileVersion": 1,
  "requires": true,
  "dependencies": {
    "@babel/runtime": {
      "version": "7.19.0",
      "resolved": "https://registry.npmjs.org/@babel/runtime/-/runtime-7.19.0.tgz",
      "integrity": "sha512-eR8Lo9hnDS7tqkO7NsV+mKvCmv5boaXFSZ70DnfhcgiEne8hv9oCEd36Klw74EtizEqLsy4YnW8UWwpBVolHZA==",
      "requires": {
        "regenerator-runtime": "^0.13.4"
      }
    },
    "@lit-labs/task": {
      "version": "1.1.3",
      "resolved": "https://registry.npmjs.org/@lit-labs/task/-/task-1.1.3.tgz",
      "integrity": "sha512-Ta5rdbmuDaYAZwlkjezCoqcnn+J54XBAGI0X4PsCjycY1nJ/Ntbd+YY/eMdfnu777qrvznuqanTa4r1ptPXXxA==",
      "requires": {
        "@lit/reactive-element": "^1.1.0"
      }
    },
    "@lit/reactive-element": {
      "version": "1.3.2",
      "resolved": "https://registry.npmjs.org/@lit/reactive-element/-/reactive-element-1.3.2.tgz",
      "integrity": "sha512-A2e18XzPMrIh35nhIdE4uoqRzoIpEU5vZYuQN4S3Ee1zkGdYC27DP12pewbw/RLgPHzaE4kx/YqxMzebOpm0dA=="
    },
    "@types/prop-types": {
      "version": "15.7.5",
      "resolved": "https://registry.npmjs.org/@types/prop-types/-/prop-types-15.7.5.tgz",
      "integrity": "sha512-JCB8C6SnDoQf0cNycqd/35A7MjcnK+ZTqE7judS6o7utxUCg6imJg3QK2qzHKszlTjcj2cn+NwMB2i96ubpj7w=="
    },
    "@types/react": {
      "version": "17.0.50",
      "resolved": "https://registry.npmjs.org/@types/react/-/react-17.0.50.tgz",
      "integrity": "sha512-ZCBHzpDb5skMnc1zFXAXnL3l1FAdi+xZvwxK+PkglMmBrwjpp9nKaWuEvrGnSifCJmBFGxZOOFuwC6KH/s0NuA==",
      "requires": {
        "@types/prop-types": "*",
        "@types/scheduler": "*",
        "csstype": "^3.0.2"
      }
    },
    "@types/react-dom": {
      "version": "17.0.17",
      "resolved": "https://registry.npmjs.org/@types/react-dom/-/react-dom-17.0.17.tgz",
      "integrity": "sha512-VjnqEmqGnasQKV0CWLevqMTXBYG9GbwuE6x3VetERLh0cq2LTptFE73MrQi2S7GkKXCf2GgwItB/melLnxfnsg==",
      "requires": {
        "@types/react": "^17"
      }
    },
    "@types/scheduler": {
      "version": "0.16.2",
      "resolved": "https://registry.npmjs.org/@types/scheduler/-/scheduler-0.16.2.tgz",
      "integrity": "sha512-hppQEBDmlwhFAXKJX2KnWLYu5yMfi91yazPb2l+lbJiwW+wdo1gNeRA+3RgNSO39WYX2euey41KEwnqesU2Jew=="
    },
    "@types/trusted-types": {
      "version": "2.0.2",
      "resolved": "https://registry.npmjs.org/@types/trusted-types/-/trusted-types-2.0.2.tgz",
      "integrity": "sha512-F5DIZ36YVLE+PN+Zwws4kJogq47hNgX3Nx6WyDJ3kcplxyke3XIzB8uK5n/Lpm1HBsbGzd6nmGehL8cPekP+Tg=="
    },
    "@ucd-lib/theme-elements": {

      "version": "1.1.4",
      "resolved": "https://registry.npmjs.org/@ucd-lib/theme-elements/-/theme-elements-1.1.4.tgz",
      "integrity": "sha512-o+U/XFRRWFU7fWdw8qC8NRbHLjFXVmpIQn/i312nE2m456VpSmqOCfLob4ROa2QxIknP/GkFcMUZZLq6/beTRQ==",

      "requires": {
        "@lit-labs/task": "^1.0.0",
        "@ucd-lib/theme-sass": "^5.0.15",
        "dompurify": "^2.3.9",
        "ip-cidr": "^3.0.4",
        "lit": "^2.0.2",
        "marked": "^4.0.18",
        "photoswipe": "^4.1.3",
        "slim-select": "^1.26.2"
      }
    },
    "@ucd-lib/theme-sass": {
      "version": "5.0.16",
      "resolved": "https://registry.npmjs.org/@ucd-lib/theme-sass/-/theme-sass-5.0.16.tgz",
      "integrity": "sha512-Zu5lunrYIecNqmFP9IWlM8xuLpt0/3TzMHQpGlx515SGQn3WuFsuzzj9B+Q307W35mbfRVVtXnuUKM7wkNJjjw==",
      "requires": {
        "lit": "^2.0.0-rc.2"
      }
    },
    "@wordpress/element": {
      "version": "4.15.0",
      "resolved": "https://registry.npmjs.org/@wordpress/element/-/element-4.15.0.tgz",
      "integrity": "sha512-Lf5q9oU8k/4ry79oCsC0AN6PpDU/BM0z00hmUUmQIciz6MPnov+47oT/Wbrm8fXXHuW2cPquWGWbib+IrOb26g==",
      "requires": {
        "@babel/runtime": "^7.16.0",
        "@types/react": "^17.0.37",
        "@types/react-dom": "^17.0.11",
        "@wordpress/escape-html": "^2.17.0",
        "change-case": "^4.1.2",
        "is-plain-object": "^5.0.0",
        "react": "^17.0.2",
        "react-dom": "^17.0.2"
      }
    },
    "@wordpress/escape-html": {
      "version": "2.17.0",
      "resolved": "https://registry.npmjs.org/@wordpress/escape-html/-/escape-html-2.17.0.tgz",
      "integrity": "sha512-CmJMBiSBW+KNHEV8DZFRkzJH+U1tpkaIKpRBRISduBZGXqf35kvkJsXXbyQ9WVnMrh8DClT7YEzeX3HUGyyyew==",
      "requires": {
        "@babel/runtime": "^7.16.0"
      }
    },
    "@wordpress/icons": {
      "version": "9.8.0",
      "resolved": "https://registry.npmjs.org/@wordpress/icons/-/icons-9.8.0.tgz",
      "integrity": "sha512-VaSmQpgMW9drBFK+McRZ5+Zgc5142OberFKkaeZIu55osKifSarnfZtsFQDUqxhKUzOhT3LZnuzlidkAG2KFyw==",
      "requires": {
        "@babel/runtime": "^7.16.0",
        "@wordpress/element": "^4.15.0",
        "@wordpress/primitives": "^3.15.0"
      }
    },
    "@wordpress/primitives": {
      "version": "3.15.0",
      "resolved": "https://registry.npmjs.org/@wordpress/primitives/-/primitives-3.15.0.tgz",
      "integrity": "sha512-HGvxn2kdf3m+whI9vI17DsnbjJaJ+3YVNhAZRec1Wu2ojYRKWUANlZ2VoIGiFn2w65bq+Sit0MlSuHQFGq0hQA==",
      "requires": {
        "@babel/runtime": "^7.16.0",
        "@wordpress/element": "^4.15.0",
        "classnames": "^2.3.1"
      }
    },
    "camel-case": {
      "version": "4.1.2",
      "resolved": "https://registry.npmjs.org/camel-case/-/camel-case-4.1.2.tgz",
      "integrity": "sha512-gxGWBrTT1JuMx6R+o5PTXMmUnhnVzLQ9SNutD4YqKtI6ap897t3tKECYla6gCWEkplXnlNybEkZg9GEGxKFCgw==",
      "requires": {
        "pascal-case": "^3.1.2",
        "tslib": "^2.0.3"
      }
    },
    "capital-case": {
      "version": "1.0.4",
      "resolved": "https://registry.npmjs.org/capital-case/-/capital-case-1.0.4.tgz",
      "integrity": "sha512-ds37W8CytHgwnhGGTi88pcPyR15qoNkOpYwmMMfnWqqWgESapLqvDx6huFjQ5vqWSn2Z06173XNA7LtMOeUh1A==",
      "requires": {
        "no-case": "^3.0.4",
        "tslib": "^2.0.3",
        "upper-case-first": "^2.0.2"
      }
    },
    "change-case": {
      "version": "4.1.2",
      "resolved": "https://registry.npmjs.org/change-case/-/change-case-4.1.2.tgz",
      "integrity": "sha512-bSxY2ws9OtviILG1EiY5K7NNxkqg/JnRnFxLtKQ96JaviiIxi7djMrSd0ECT9AC+lttClmYwKw53BWpOMblo7A==",
      "requires": {
        "camel-case": "^4.1.2",
        "capital-case": "^1.0.4",
        "constant-case": "^3.0.4",
        "dot-case": "^3.0.4",
        "header-case": "^2.0.4",
        "no-case": "^3.0.4",
        "param-case": "^3.0.4",
        "pascal-case": "^3.1.2",
        "path-case": "^3.0.4",
        "sentence-case": "^3.0.4",
        "snake-case": "^3.0.4",
        "tslib": "^2.0.3"
      }
    },
    "classnames": {
      "version": "2.3.2",
      "resolved": "https://registry.npmjs.org/classnames/-/classnames-2.3.2.tgz",
      "integrity": "sha512-CSbhY4cFEJRe6/GQzIk5qXZ4Jeg5pcsP7b5peFSDpffpe1cqjASH/n9UTjBwOp6XpMSTwQ8Za2K5V02ueA7Tmw=="
    },
    "constant-case": {
      "version": "3.0.4",
      "resolved": "https://registry.npmjs.org/constant-case/-/constant-case-3.0.4.tgz",
      "integrity": "sha512-I2hSBi7Vvs7BEuJDr5dDHfzb/Ruj3FyvFyh7KLilAjNQw3Be+xgqUBA2W6scVEcL0hL1dwPRtIqEPVUCKkSsyQ==",
      "requires": {
        "no-case": "^3.0.4",
        "tslib": "^2.0.3",
        "upper-case": "^2.0.2"
      }
    },
    "csstype": {
      "version": "3.1.1",
      "resolved": "https://registry.npmjs.org/csstype/-/csstype-3.1.1.tgz",
      "integrity": "sha512-DJR/VvkAvSZW9bTouZue2sSxDwdTN92uHjqeKVm+0dAqdfNykRzQ95tay8aXMBAAPpUiq4Qcug2L7neoRh2Egw=="
    },
    "dompurify": {
      "version": "2.4.0",
      "resolved": "https://registry.npmjs.org/dompurify/-/dompurify-2.4.0.tgz",
      "integrity": "sha512-Be9tbQMZds4a3C6xTmz68NlMfeONA//4dOavl/1rNw50E+/QO0KVpbcU0PcaW0nsQxurXls9ZocqFxk8R2mWEA=="
    },
    "dot-case": {
      "version": "3.0.4",
      "resolved": "https://registry.npmjs.org/dot-case/-/dot-case-3.0.4.tgz",
      "integrity": "sha512-Kv5nKlh6yRrdrGvxeJ2e5y2eRUpkUosIW4A2AS38zwSz27zu7ufDwQPi5Jhs3XAlGNetl3bmnGhQsMtkKJnj3w==",
      "requires": {
        "no-case": "^3.0.4",
        "tslib": "^2.0.3"
      }
    },
    "header-case": {
      "version": "2.0.4",
      "resolved": "https://registry.npmjs.org/header-case/-/header-case-2.0.4.tgz",
      "integrity": "sha512-H/vuk5TEEVZwrR0lp2zed9OCo1uAILMlx0JEMgC26rzyJJ3N1v6XkwHHXJQdR2doSjcGPM6OKPYoJgf0plJ11Q==",
      "requires": {
        "capital-case": "^1.0.4",
        "tslib": "^2.0.3"
      }
    },
    "htm": {
      "version": "3.1.1",
      "resolved": "https://registry.npmjs.org/htm/-/htm-3.1.1.tgz",
      "integrity": "sha512-983Vyg8NwUE7JkZ6NmOqpCZ+sh1bKv2iYTlUkzlWmA5JD2acKoxd4KVxbMmxX/85mtfdnDmTFoNKcg5DGAvxNQ=="
    },
    "ip-address": {
      "version": "7.1.0",
      "resolved": "https://registry.npmjs.org/ip-address/-/ip-address-7.1.0.tgz",
      "integrity": "sha512-V9pWC/VJf2lsXqP7IWJ+pe3P1/HCYGBMZrrnT62niLGjAfCbeiwXMUxaeHvnVlz19O27pvXP4azs+Pj/A0x+SQ==",
      "requires": {
        "jsbn": "1.1.0",
        "sprintf-js": "1.1.2"
      }
    },
    "ip-cidr": {
      "version": "3.0.10",
      "resolved": "https://registry.npmjs.org/ip-cidr/-/ip-cidr-3.0.10.tgz",
      "integrity": "sha512-PXSsrRYirsuaCI1qBVyVXRLUIpNzxm76eHd3UvN5NXTMUG85GWGZpr6P+70mimc5e7Nfh/tShmjk0oSywErMWg==",
      "requires": {
        "ip-address": "^7.1.0",
        "jsbn": "^1.1.0"
      }
    },
    "is-plain-object": {
      "version": "5.0.0",
      "resolved": "https://registry.npmjs.org/is-plain-object/-/is-plain-object-5.0.0.tgz",
      "integrity": "sha512-VRSzKkbMm5jMDoKLbltAkFQ5Qr7VDiTFGXxYFXXowVj387GeGNOCsOH6Msy00SGZ3Fp84b1Naa1psqgcCIEP5Q=="
    },
    "js-tokens": {
      "version": "4.0.0",
      "resolved": "https://registry.npmjs.org/js-tokens/-/js-tokens-4.0.0.tgz",
      "integrity": "sha512-RdJUflcE3cUzKiMqQgsCu06FPu9UdIJO0beYbPhHN4k6apgJtifcoCtT9bcxOpYBtpD2kCM6Sbzg4CausW/PKQ=="
    },
    "jsbn": {
      "version": "1.1.0",
      "resolved": "https://registry.npmjs.org/jsbn/-/jsbn-1.1.0.tgz",
      "integrity": "sha512-4bYVV3aAMtDTTu4+xsDYa6sy9GyJ69/amsu9sYF2zqjiEoZA5xJi3BrfX3uY+/IekIu7MwdObdbDWpoZdBv3/A=="
    },
    "lit": {
      "version": "2.2.6",
      "resolved": "https://registry.npmjs.org/lit/-/lit-2.2.6.tgz",
      "integrity": "sha512-K2vkeGABfSJSfkhqHy86ujchJs3NR9nW1bEEiV+bXDkbiQ60Tv5GUausYN2mXigZn8lC1qXuc46ArQRKYmumZw==",
      "requires": {
        "@lit/reactive-element": "^1.3.0",
        "lit-element": "^3.2.0",
        "lit-html": "^2.2.0"
      }
    },
    "lit-element": {
      "version": "3.2.0",
      "resolved": "https://registry.npmjs.org/lit-element/-/lit-element-3.2.0.tgz",
      "integrity": "sha512-HbE7yt2SnUtg5DCrWt028oaU4D5F4k/1cntAFHTkzY8ZIa8N0Wmu92PxSxucsQSOXlODFrICkQ5x/tEshKi13g==",
      "requires": {
        "@lit/reactive-element": "^1.3.0",
        "lit-html": "^2.2.0"
      }
    },
    "lit-html": {
      "version": "2.2.6",
      "resolved": "https://registry.npmjs.org/lit-html/-/lit-html-2.2.6.tgz",
      "integrity": "sha512-xOKsPmq/RAKJ6dUeOxhmOYFjcjf0Q7aSdfBJgdJkOfCUnkmmJPxNrlZpRBeVe1Gg50oYWMlgm6ccAE/SpJgSdw==",
      "requires": {
        "@types/trusted-types": "^2.0.2"
      }
    },
    "lodash": {
      "version": "4.17.21",
      "resolved": "https://registry.npmjs.org/lodash/-/lodash-4.17.21.tgz",
      "integrity": "sha512-v2kDEe57lecTulaDIuNTPy3Ry4gLGJ6Z1O3vE1krgXZNrsQ+LFTGHVxVjcXPs17LhbZVGedAJv8XZ1tvj5FvSg=="
    },
    "loose-envify": {
      "version": "1.4.0",
      "resolved": "https://registry.npmjs.org/loose-envify/-/loose-envify-1.4.0.tgz",
      "integrity": "sha512-lyuxPGr/Wfhrlem2CL/UcnUc1zcqKAImBDzukY7Y5F/yQiNdko6+fRLevlw1HgMySw7f611UIY408EtxRSoK3Q==",
      "requires": {
        "js-tokens": "^3.0.0 || ^4.0.0"
      }
    },
    "lower-case": {
      "version": "2.0.2",
      "resolved": "https://registry.npmjs.org/lower-case/-/lower-case-2.0.2.tgz",
      "integrity": "sha512-7fm3l3NAF9WfN6W3JOmf5drwpVqX78JtoGJ3A6W0a6ZnldM41w2fV5D490psKFTpMds8TJse/eHLFFsNHHjHgg==",
      "requires": {
        "tslib": "^2.0.3"
      }
    },
    "marked": {
      "version": "4.1.0",
      "resolved": "https://registry.npmjs.org/marked/-/marked-4.1.0.tgz",
      "integrity": "sha512-+Z6KDjSPa6/723PQYyc1axYZpYYpDnECDaU6hkaf5gqBieBkMKYReL5hteF2QizhlMbgbo8umXl/clZ67+GlsA=="
    },
    "no-case": {
      "version": "3.0.4",
      "resolved": "https://registry.npmjs.org/no-case/-/no-case-3.0.4.tgz",
      "integrity": "sha512-fgAN3jGAh+RoxUGZHTSOLJIqUc2wmoBwGR4tbpNAKmmovFoWq0OdRkb0VkldReO2a2iBT/OEulG9XSUc10r3zg==",
      "requires": {
        "lower-case": "^2.0.2",
        "tslib": "^2.0.3"
      }
    },
    "object-assign": {
      "version": "4.1.1",
      "resolved": "https://registry.npmjs.org/object-assign/-/object-assign-4.1.1.tgz",
      "integrity": "sha512-rJgTQnkUnH1sFw8yT6VSU3zD3sWmu6sZhIseY8VX+GRu3P6F7Fu+JNDoXfklElbLJSnc3FUQHVe4cU5hj+BcUg=="
    },
    "param-case": {
      "version": "3.0.4",
      "resolved": "https://registry.npmjs.org/param-case/-/param-case-3.0.4.tgz",
      "integrity": "sha512-RXlj7zCYokReqWpOPH9oYivUzLYZ5vAPIfEmCTNViosC78F8F0H9y7T7gG2M39ymgutxF5gcFEsyZQSph9Bp3A==",
      "requires": {
        "dot-case": "^3.0.4",
        "tslib": "^2.0.3"
      }
    },
    "pascal-case": {
      "version": "3.1.2",
      "resolved": "https://registry.npmjs.org/pascal-case/-/pascal-case-3.1.2.tgz",
      "integrity": "sha512-uWlGT3YSnK9x3BQJaOdcZwrnV6hPpd8jFH1/ucpiLRPh/2zCVJKS19E4GvYHvaCcACn3foXZ0cLB9Wrx1KGe5g==",
      "requires": {
        "no-case": "^3.0.4",
        "tslib": "^2.0.3"
      }
    },
    "path-case": {
      "version": "3.0.4",
      "resolved": "https://registry.npmjs.org/path-case/-/path-case-3.0.4.tgz",
      "integrity": "sha512-qO4qCFjXqVTrcbPt/hQfhTQ+VhFsqNKOPtytgNKkKxSoEp3XPUQ8ObFuePylOIok5gjn69ry8XiULxCwot3Wfg==",
      "requires": {
        "dot-case": "^3.0.4",
        "tslib": "^2.0.3"
      }
    },
    "photoswipe": {
      "version": "4.1.3",
      "resolved": "https://registry.npmjs.org/photoswipe/-/photoswipe-4.1.3.tgz",
      "integrity": "sha512-89Z43IRUyw7ycTolo+AaiDn3W1EEIfox54hERmm9bI12IB9cvRfHSHez3XhAyU8XW2EAFrC+2sKMhh7SJwn0bA=="
    },
    "react": {
      "version": "17.0.2",
      "resolved": "https://registry.npmjs.org/react/-/react-17.0.2.tgz",
      "integrity": "sha512-gnhPt75i/dq/z3/6q/0asP78D0u592D5L1pd7M8P+dck6Fu/jJeL6iVVK23fptSUZj8Vjf++7wXA8UNclGQcbA==",
      "requires": {
        "loose-envify": "^1.1.0",
        "object-assign": "^4.1.1"
      }
    },
    "react-dom": {
      "version": "17.0.2",
      "resolved": "https://registry.npmjs.org/react-dom/-/react-dom-17.0.2.tgz",
      "integrity": "sha512-s4h96KtLDUQlsENhMn1ar8t2bEa+q/YAtj8pPPdIjPDGBDIVNsrD9aXNWqspUe6AzKCIG0C1HZZLqLV7qpOBGA==",
      "requires": {
        "loose-envify": "^1.1.0",
        "object-assign": "^4.1.1",
        "scheduler": "^0.20.2"
      }
    },
    "regenerator-runtime": {
      "version": "0.13.9",
      "resolved": "https://registry.npmjs.org/regenerator-runtime/-/regenerator-runtime-0.13.9.tgz",
      "integrity": "sha512-p3VT+cOEgxFsRRA9X4lkI1E+k2/CtnKtU4gcxyaCUreilL/vqI6CdZ3wxVUx3UOUg+gnUOQQcRI7BmSI656MYA=="
    },
    "scheduler": {
      "version": "0.20.2",
      "resolved": "https://registry.npmjs.org/scheduler/-/scheduler-0.20.2.tgz",
      "integrity": "sha512-2eWfGgAqqWFGqtdMmcL5zCMK1U8KlXv8SQFGglL3CEtd0aDVDWgeF/YoCmvln55m5zSk3J/20hTaSBeSObsQDQ==",
      "requires": {
        "loose-envify": "^1.1.0",
        "object-assign": "^4.1.1"
      }
    },
    "sentence-case": {
      "version": "3.0.4",
      "resolved": "https://registry.npmjs.org/sentence-case/-/sentence-case-3.0.4.tgz",
      "integrity": "sha512-8LS0JInaQMCRoQ7YUytAo/xUu5W2XnQxV2HI/6uM6U7CITS1RqPElr30V6uIqyMKM9lJGRVFy5/4CuzcixNYSg==",
      "requires": {
        "no-case": "^3.0.4",
        "tslib": "^2.0.3",
        "upper-case-first": "^2.0.2"
      }
    },
    "slick-carousel": {
      "version": "1.8.1",
      "resolved": "https://registry.npmjs.org/slick-carousel/-/slick-carousel-1.8.1.tgz",
      "integrity": "sha512-XB9Ftrf2EEKfzoQXt3Nitrt/IPbT+f1fgqBdoxO3W/+JYvtEOW6EgxnWfr9GH6nmULv7Y2tPmEX3koxThVmebA=="
    },
    "slim-select": {
      "version": "1.27.1",
      "resolved": "https://registry.npmjs.org/slim-select/-/slim-select-1.27.1.tgz",
      "integrity": "sha512-LvJ02cKKk6/jSHIcQv7dZwkQSXHLCVQR3v3lo8RJUssUUcmKPkpBmTpQ8au8KSMkxwca9+yeg+dO0iHAaVr5Aw=="
    },
    "snake-case": {
      "version": "3.0.4",
      "resolved": "https://registry.npmjs.org/snake-case/-/snake-case-3.0.4.tgz",
      "integrity": "sha512-LAOh4z89bGQvl9pFfNF8V146i7o7/CqFPbqzYgP+yYzDIDeS9HaNFtXABamRW+AQzEVODcvE79ljJ+8a9YSdMg==",
      "requires": {
        "dot-case": "^3.0.4",
        "tslib": "^2.0.3"
      }
    },
    "sprintf-js": {
      "version": "1.1.2",
      "resolved": "https://registry.npmjs.org/sprintf-js/-/sprintf-js-1.1.2.tgz",
      "integrity": "sha512-VE0SOVEHCk7Qc8ulkWw3ntAzXuqf7S2lvwQaDLRnUeIEaKNQJzV6BwmLKhOqT61aGhfUMrXeaBk+oDGCzvhcug=="
    },
    "tslib": {
      "version": "2.4.0",
      "resolved": "https://registry.npmjs.org/tslib/-/tslib-2.4.0.tgz",
      "integrity": "sha512-d6xOpEDfsi2CZVlPQzGeux8XMwLT9hssAsaPYExaQMuYskwb+x1x7J371tWlbBdWHroy99KnVB6qIkUbs5X3UQ=="
    },
    "upper-case": {
      "version": "2.0.2",
      "resolved": "https://registry.npmjs.org/upper-case/-/upper-case-2.0.2.tgz",
      "integrity": "sha512-KgdgDGJt2TpuwBUIjgG6lzw2GWFRCW9Qkfkiv0DxqHHLYJHmtmdUIKcZd8rHgFSjopVTlw6ggzCm1b8MFQwikg==",
      "requires": {
        "tslib": "^2.0.3"
      }
    },
    "upper-case-first": {
      "version": "2.0.2",
      "resolved": "https://registry.npmjs.org/upper-case-first/-/upper-case-first-2.0.2.tgz",
      "integrity": "sha512-514ppYHBaKwfJRK/pNC6c/OxfGa0obSnAl106u97Ed0I625Nin96KAjttZF6ZL3e1XLtphxnqrOi9iWgm+u+bg==",
      "requires": {
        "tslib": "^2.0.3"
      }
    }
  }
}
